
Microsoft Visual Studio Solution File, Format Version 12.00
# Visual Studio Version 17
VisualStudioVersion = 17.9.34728.123
MinimumVisualStudioVersion = 10.0.40219.1
Project("{9A19103F-16F7-4668-BE54-9A1E7A4F7556}") = "TechStore.Auth", "TechStore.Auth\TechStore.Auth.csproj", "{B3363209-82AA-4762-A232-0276D6E16524}"
EndProject
Project("{9A19103F-16F7-4668-BE54-9A1E7A4F7556}") = "TechStore.Products", "TechStore.Products\TechStore.Products.csproj", "{FE702A63-6898-434E-86F3-D7F601F7873C}"
EndProject
Project("{9A19103F-16F7-4668-BE54-9A1E7A4F7556}") = "TechStore.Auth.Test", "TechStore.Auth.Test\TechStore.Auth.Test.csproj", "{6D8C2FE1-625B-49B8-9AA3-540C43602453}"
EndProject
Project("{FAE04EC0-301F-11D3-BF4B-00C04F79EFBC}") = "TechStore.Products.Test", "TechStore.Products.Test\TechStore.Products.Test.csproj", "{8C461024-B5C5-43B1-9C15-ED9EC36770A5}"
EndProject
Global
	GlobalSection(SolutionConfigurationPlatforms) = preSolution
		Debug|Any CPU = Debug|Any CPU
		Release|Any CPU = Release|Any CPU
	EndGlobalSection
	GlobalSection(ProjectConfigurationPlatforms) = postSolution
		{B3363209-82AA-4762-A232-0276D6E16524}.Debug|Any CPU.ActiveCfg = Debug|Any CPU
		{B3363209-82AA-4762-A232-0276D6E16524}.Debug|Any CPU.Build.0 = Debug|Any CPU
		{B3363209-82AA-4762-A232-0276D6E16524}.Release|Any CPU.ActiveCfg = Release|Any CPU
		{B3363209-82AA-4762-A232-0276D6E16524}.Release|Any CPU.Build.0 = Release|Any CPU
		{FE702A63-6898-434E-86F3-D7F601F7873C}.Debug|Any CPU.ActiveCfg = Debug|Any CPU
		{FE702A63-6898-434E-86F3-D7F601F7873C}.Debug|Any CPU.Build.0 = Debug|Any CPU
		{FE702A63-6898-434E-86F3-D7F601F7873C}.Release|Any CPU.ActiveCfg = Release|Any CPU
		{FE702A63-6898-434E-86F3-D7F601F7873C}.Release|Any CPU.Build.0 = Release|Any CPU
		{6D8C2FE1-625B-49B8-9AA3-540C43602453}.Debug|Any CPU.ActiveCfg = Debug|Any CPU
		{6D8C2FE1-625B-49B8-9AA3-540C43602453}.Debug|Any CPU.Build.0 = Debug|Any CPU
		{6D8C2FE1-625B-49B8-9AA3-540C43602453}.Release|Any CPU.ActiveCfg = Release|Any CPU
		{6D8C2FE1-625B-49B8-9AA3-540C43602453}.Release|Any CPU.Build.0 = Release|Any CPU
		{8C461024-B5C5-43B1-9C15-ED9EC36770A5}.Debug|Any CPU.ActiveCfg = Debug|Any CPU
		{8C461024-B5C5-43B1-9C15-ED9EC36770A5}.Debug|Any CPU.Build.0 = Debug|Any CPU
		{8C461024-B5C5-43B1-9C15-ED9EC36770A5}.Release|Any CPU.ActiveCfg = Release|Any CPU
		{8C461024-B5C5-43B1-9C15-ED9EC36770A5}.Release|Any CPU.Build.0 = Release|Any CPU
	EndGlobalSection
	GlobalSection(SolutionProperties) = preSolution
		HideSolutionNode = FALSE
	EndGlobalSection
	GlobalSection(ExtensibilityGlobals) = postSolution
		SolutionGuid = {29BBB00B-9CCB-4508-BDF0-AF8A1743E025}
	EndGlobalSection
EndGlobal
